# This is a Gradle generated file for dependency locking.
# Manual edits can break the build and are not advised.
# This file is expected to be part of source control.
# To regenerate this file, run: ./gradlew :core:dependencies --write-locks
app.cash.turbine:turbine-jvm:1.2.1=jvmTestCompileClasspath,jvmTestRuntimeClasspath
app.cash.turbine:turbine:1.2.1=jvmTestCompileClasspath,jvmTestResolvableDependenciesMetadata,jvmTestRuntimeClasspath
com.android.tools.analytics-library:protos:32.4.0=androidLintTool
com.android.tools.analytics-library:shared:32.4.0=androidLintTool
com.android.tools.analytics-library:tracker:32.4.0=androidLintTool
com.android.tools.build:aapt2-proto:9.4.0-15978811=androidLintTool
com.android.tools.build:builder-model:9.4.0=androidLintTool
com.android.tools.build:manifest-merger:32.4.0=androidLintTool
com.android.tools.ddms:ddmlib:32.4.0=androidLintTool
com.android.tools.external.com-intellij:intellij-core:32.4.0=androidLintTool
com.android.tools.external.com-intellij:kotlin-compiler:32.4.0=androidLintTool
com.android.tools.external.org-jetbrains:uast:32.4.0=androidLintTool
com.android.tools.layoutlib:layoutlib-api:32.4.0=androidLintTool
com.android.tools.lint:lint-api:32.4.0=androidLintTool
com.android.tools.lint:lint-checks:32.4.0=androidLintTool
com.android.tools.lint:lint-gradle:32.4.0=androidLintTool
com.android.tools.lint:lint-model:32.4.0=androidLintTool
com.android.tools.lint:lint-typedef-remover:32.4.0=androidLintTool
com.android.tools.lint:lint:32.4.0=androidLintTool
com.android.tools:annotations:32.4.0=androidLintTool
com.android.tools:common:32.4.0=androidLintTool
com.android.tools:dvlib:32.4.0=androidLintTool
com.android.tools:play-sdk-proto:32.4.0=androidLintTool
com.android.tools:repository:32.4.0=androidLintTool
com.android.tools:sdk-common:32.4.0=androidLintTool
com.android.tools:sdklib:32.4.0=androidLintTool
com.github.ben-manes.caffeine:caffeine:2.9.3=swiftExportClasspathResolvable
com.google.code.findbugs:jsr305:3.0.2=androidLintTool
com.google.code.gson:gson:2.11.0=androidLintTool
com.google.errorprone:error_prone_annotations:2.28.0=swiftExportClasspathResolvable
com.google.errorprone:error_prone_annotations:2.36.0=androidLintTool
com.google.guava:failureaccess:1.0.2=androidLintTool
com.google.guava:guava:33.4.0-jre=androidLintTool
com.google.guava:listenablefuture:9999.0-empty-to-avoid-conflict-with-guava=androidLintTool
com.google.j2objc:j2objc-annotations:3.0.0=androidLintTool
com.google.jimfs:jimfs:1.1=androidLintTool
com.google.protobuf:protobuf-java:3.25.5=androidLintTool
com.squareup.okio:okio-iosarm64:3.18.2=iosArm64CInterop,iosArm64CompilationDependenciesMetadata,iosArm64CompileKlibraries,iosArm64TestCInterop,iosArm64TestCompilationDependenciesMetadata,iosArm64TestCompileKlibraries,resolvableIosArm64CompilationApi
com.squareup.okio:okio-iossimulatorarm64:3.18.2=iosSimulatorArm64CInterop,iosSimulatorArm64CompilationDependenciesMetadata,iosSimulatorArm64CompileKlibraries,iosSimulatorArm64TestCInterop,iosSimulatorArm64TestCompilationDependenciesMetadata,iosSimulatorArm64TestCompileKlibraries,resolvableIosSimulatorArm64CompilationApi
com.squareup.okio:okio-iosx64:3.18.2=iosX64CInterop,iosX64CompilationDependenciesMetadata,iosX64CompileKlibraries,iosX64TestCInterop,iosX64TestCompilationDependenciesMetadata,iosX64TestCompileKlibraries,resolvableIosX64CompilationApi
com.squareup.okio:okio-jvm:3.18.2=androidCompileClasspath,androidHostTestCompileClasspath,androidHostTestLintChecksClasspath,androidHostTestRuntimeClasspath,androidMainLintChecksClasspath,androidRuntimeClasspath,jvmCompileClasspath,jvmMainCompileClasspath,jvmMainRuntimeClasspath,jvmRuntimeClasspath,jvmTestCompileClasspath,jvmTestRuntimeClasspath
com.squareup.okio:okio:3.18.2=androidCompileClasspath,androidHostTestCompileClasspath,androidHostTestLintChecksClasspath,androidHostTestResolvableDependenciesMetadata,androidHostTestRuntimeClasspath,androidMainLintChecksClasspath,androidMainResolvableDependenciesMetadata,androidRuntimeClasspath,appleMainResolvableDependenciesMetadata,appleTestResolvableDependenciesMetadata,commonMainResolvableDependenciesMetadata,commonTestResolvableDependenciesMetadata,iosArm64CInterop,iosArm64CompilationDependenciesMetadata,iosArm64CompileKlibraries,iosArm64MainResolvableDependenciesMetadata,iosArm64TestCInterop,iosArm64TestCompilationDependenciesMetadata,iosArm64TestCompileKlibraries,iosArm64TestResolvableDependenciesMetadata,iosMainResolvableDependenciesMetadata,iosSimulatorArm64CInterop,iosSimulatorArm64CompilationDependenciesMetadata,iosSimulatorArm64CompileKlibraries,iosSimulatorArm64MainResolvableDependenciesMetadata,iosSimulatorArm64TestCInterop,iosSimulatorArm64TestCompilationDependenciesMetadata,iosSimulatorArm64TestCompileKlibraries,iosSimulatorArm64TestResolvableDependenciesMetadata,iosTestResolvableDependenciesMetadata,iosX64CInterop,iosX64CompilationDependenciesMetadata,iosX64CompileKlibraries,iosX64MainResolvableDependenciesMetadata,iosX64TestCInterop,iosX64TestCompilationDependenciesMetadata,iosX64TestCompileKlibraries,iosX64TestResolvableDependenciesMetadata,jnaMainResolvableDependenciesMetadata,jvmCompileClasspath,jvmMainCompileClasspath,jvmMainResolvableDependenciesMetadata,jvmMainRuntimeClasspath,jvmRuntimeClasspath,jvmTestCompileClasspath,jvmTestResolvableDependenciesMetadata,jvmTestRuntimeClasspath,metadataAppleMainCompileClasspath,metadataCommonMainCompileClasspath,metadataCompileClasspath,metadataIosMainCompileClasspath,metadataJnaMainCompileClasspath,metadataNativeMainCompileClasspath,nativeMainResolvableDependenciesMetadata,nativeTestResolvableDependenciesMetadata,resolvableIosArm64CompilationApi,resolvableIosSimulatorArm64CompilationApi,resolvableIosX64CompilationApi,swiftPMDependenciesMetadataClasspath
com.squareup.wire:wire-runtime-iosarm64:7.0.1=iosArm64CInterop,iosArm64CompilationDependenciesMetadata,iosArm64CompileKlibraries,iosArm64TestCInterop,iosArm64TestCompilationDependenciesMetadata,iosArm64TestCompileKlibraries,resolvableIosArm64CompilationApi
com.squareup.wire:wire-runtime-iossimulatorarm64:7.0.1=iosSimulatorArm64CInterop,iosSimulatorArm64CompilationDependenciesMetadata,iosSimulatorArm64CompileKlibraries,iosSimulatorArm64TestCInterop,iosSimulatorArm64TestCompilationDependenciesMetadata,iosSimulatorArm64TestCompileKlibraries,resolvableIosSimulatorArm64CompilationApi
com.squareup.wire:wire-runtime-iosx64:7.0.1=iosX64CInterop,iosX64CompilationDependenciesMetadata,iosX64CompileKlibraries,iosX64TestCInterop,iosX64TestCompilationDependenciesMetadata,iosX64TestCompileKlibraries,resolvableIosX64CompilationApi
com.squareup.wire:wire-runtime-jvm:7.0.1=androidCompileClasspath,androidHostTestCompileClasspath,androidHostTestLintChecksClasspath,androidHostTestRuntimeClasspath,androidMainLintChecksClasspath,androidRuntimeClasspath,jvmCompileClasspath,jvmMainCompileClasspath,jvmMainRuntimeClasspath,jvmRuntimeClasspath,jvmTestCompileClasspath,jvmTestRuntimeClasspath
com.squareup.wire:wire-runtime:7.0.1=androidCompileClasspath,androidHostTestCompileClasspath,androidHostTestLintChecksClasspath,androidHostTestResolvableDependenciesMetadata,androidHostTestRuntimeClasspath,androidMainLintChecksClasspath,androidMainResolvableDependenciesMetadata,androidRuntimeClasspath,appleMainResolvableDependenciesMetadata,appleTestResolvableDependenciesMetadata,commonMainResolvableDependenciesMetadata,commonTestResolvableDependenciesMetadata,iosArm64CInterop,iosArm64CompilationDependenciesMetadata,iosArm64CompileKlibraries,iosArm64MainResolvableDependenciesMetadata,iosArm64TestCInterop,iosArm64TestCompilationDependenciesMetadata,iosArm64TestCompileKlibraries,iosArm64TestResolvableDependenciesMetadata,iosMainResolvableDependenciesMetadata,iosSimulatorArm64CInterop,iosSimulatorArm64CompilationDependenciesMetadata,iosSimulatorArm64CompileKlibraries,iosSimulatorArm64MainResolvableDependenciesMetadata,iosSimulatorArm64TestCInterop,iosSimulatorArm64TestCompilationDependenciesMetadata,iosSimulatorArm64TestCompileKlibraries,iosSimulatorArm64TestResolvableDependenciesMetadata,iosTestResolvableDependenciesMetadata,iosX64CInterop,iosX64CompilationDependenciesMetadata,iosX64CompileKlibraries,iosX64MainResolvableDependenciesMetadata,iosX64TestCInterop,iosX64TestCompilationDependenciesMetadata,iosX64TestCompileKlibraries,iosX64TestResolvableDependenciesMetadata,jnaMainResolvableDependenciesMetadata,jvmCompileClasspath,jvmMainCompileClasspath,jvmMainResolvableDependenciesMetadata,jvmMainRuntimeClasspath,jvmRuntimeClasspath,jvmTestCompileClasspath,jvmTestResolvableDependenciesMetadata,jvmTestRuntimeClasspath,metadataAppleMainCompileClasspath,metadataCommonMainCompileClasspath,metadataCompileClasspath,metadataIosMainCompileClasspath,metadataJnaMainCompileClasspath,metadataNativeMainCompileClasspath,nativeMainResolvableDependenciesMetadata,nativeTestResolvableDependenciesMetadata,resolvableIosArm64CompilationApi,resolvableIosSimulatorArm64CompilationApi,resolvableIosX64CompilationApi,swiftPMDependenciesMetadataClasspath
com.sun.istack:istack-commons-runtime:3.0.8=androidLintTool
com.sun.xml.fastinfoset:FastInfoset:1.2.16=androidLintTool
commons-codec:commons-codec:1.17.1=androidLintTool
commons-io:commons-io:2.16.1=androidLintTool
commons-logging:commons-logging:1.2=androidLintTool
io.github.classgraph:classgraph:4.8.186=jvmTestRuntimeClasspath
io.github.java-diff-utils:java-diff-utils:4.16=jvmTestRuntimeClasspath
io.github.pdvrieze.xmlutil:core-jvmcommon:0.91.3=jvmTestRuntimeClasspath
io.github.pdvrieze.xmlutil:core:0.91.3=jvmTestRuntimeClasspath
io.github.pdvrieze.xmlutil:serialization-jvm:0.91.3=jvmTestRuntimeClasspath
io.github.pdvrieze.xmlutil:serialization:0.91.3=jvmTestRuntimeClasspath
io.kotest:kotest-assertions-core-jvm:6.2.5=jvmTestCompileClasspath,jvmTestRuntimeClasspath
io.kotest:kotest-assertions-core:6.2.5=jvmTestCompileClasspath,jvmTestResolvableDependenciesMetadata,jvmTestRuntimeClasspath
io.kotest:kotest-assertions-shared-jvm:6.2.5=jvmTestCompileClasspath,jvmTestRuntimeClasspath
io.kotest:kotest-assertions-shared:6.2.5=jvmTestCompileClasspath,jvmTestResolvableDependenciesMetadata,jvmTestRuntimeClasspath
io.kotest:kotest-common-jvm:6.2.5=jvmTestCompileClasspath,jvmTestRuntimeClasspath
io.kotest:kotest-common:6.2.5=jvmTestCompileClasspath,jvmTestResolvableDependenciesMetadata,jvmTestRuntimeClasspath
io.kotest:kotest-extensions-jvm:6.2.5=jvmTestCompileClasspath,jvmTestRuntimeClasspath
io.kotest:kotest-extensions:6.2.5=jvmTestCompileClasspath,jvmTestRuntimeClasspath
io.kotest:kotest-framework-engine-jvm:6.2.5=jvmTestCompileClasspath,jvmTestRuntimeClasspath
io.kotest:kotest-framework-engine:6.2.5=jvmTestCompileClasspath,jvmTestRuntimeClasspath
io.kotest:kotest-runner-junit-platform-jvm:6.2.5=jvmTestCompileClasspath,jvmTestRuntimeClasspath
io.kotest:kotest-runner-junit-platform:6.2.5=jvmTestCompileClasspath,jvmTestRuntimeClasspath
io.kotest:kotest-runner-junit5-jvm:6.2.5=jvmTestCompileClasspath,jvmTestRuntimeClasspath
io.kotest:kotest-runner-junit5:6.2.5=jvmTestCompileClasspath,jvmTestResolvableDependenciesMetadata,jvmTestRuntimeClasspath
io.opentelemetry:opentelemetry-api:1.41.0=swiftExportClasspathResolvable
io.opentelemetry:opentelemetry-context:1.41.0=swiftExportClasspathResolvable
jakarta.activation:jakarta.activation-api:1.2.1=androidLintTool
jakarta.xml.bind:jakarta.xml.bind-api:2.3.2=androidLintTool
javax.inject:javax.inject:1=androidLintTool
net.bytebuddy:byte-buddy-agent:1.17.6=jvmTestRuntimeClasspath
net.bytebuddy:byte-buddy:1.17.6=jvmTestRuntimeClasspath
net.java.dev.jna:jna-platform:5.6.0=androidLintTool
net.java.dev.jna:jna-platform:5.9.0=jvmTestCompileClasspath,jvmTestRuntimeClasspath
net.java.dev.jna:jna:5.19.1=androidCompileClasspath,androidHostTestCompileClasspath,androidHostTestLintChecksClasspath,androidHostTestResolvableDependenciesMetadata,androidHostTestRuntimeClasspath,androidMainLintChecksClasspath,androidMainResolvableDependenciesMetadata,androidRuntimeClasspath,jvmCompileClasspath,jvmMainCompileClasspath,jvmMainResolvableDependenciesMetadata,jvmMainRuntimeClasspath,jvmRuntimeClasspath,jvmTestCompileClasspath,jvmTestResolvableDependenciesMetadata,jvmTestRuntimeClasspath
net.java.dev.jna:jna:5.6.0=androidLintTool
net.sf.kxml:kxml2:2.3.0=androidLintTool
org.apache.commons:commons-compress:1.27.1=androidLintTool
org.apache.commons:commons-lang3:3.16.0=androidLintTool
org.apache.groovy:groovy-bom:4.0.29=androidLintTool
org.apache.groovy:groovy:4.0.29=androidLintTool
org.apache.httpcomponents:httpclient:4.5.6=androidLintTool
org.apache.httpcomponents:httpcore:4.4.16=androidLintTool
org.apache.httpcomponents:httpmime:4.5.6=androidLintTool
org.apiguardian:apiguardian-api:1.1.2=jvmTestCompileClasspath
org.bouncycastle:bcpkix-jdk18on:1.80.2=androidLintTool
org.bouncycastle:bcprov-jdk18on:1.80.2=androidLintTool
org.bouncycastle:bcutil-jdk18on:1.80.2=androidLintTool
org.checkerframework:checker-qual:3.43.0=androidLintTool,swiftExportClasspathResolvable
org.glassfish.jaxb:jaxb-runtime:2.3.2=androidLintTool
org.glassfish.jaxb:txw2:2.3.2=androidLintTool
org.jetbrains.kotlin:kotlin-build-tools-api:2.4.0=kotlinAbiValidationCompatClasspath
org.jetbrains.kotlin:kotlin-build-tools-api:2.4.20=kotlinBuildToolsApiClasspath,kotlinCompilerClasspath,kotlinKlibCommonizerClasspath,swiftExportClasspathResolvable
org.jetbrains.kotlin:kotlin-build-tools-compat:2.4.20=kotlinAbiValidationCompatClasspath,kotlinBuildToolsApiClasspath,kotlinCompilerClasspath
org.jetbrains.kotlin:kotlin-build-tools-cri-impl:2.4.0=kotlinAbiValidationCompatClasspath
org.jetbrains.kotlin:kotlin-build-tools-cri-impl:2.4.20=kotlinBuildToolsApiClasspath,kotlinCompilerClasspath
org.jetbrains.kotlin:kotlin-build-tools-impl:2.4.0=kotlinAbiValidationCompatClasspath
org.jetbrains.kotlin:kotlin-build-tools-impl:2.4.20=kotlinBuildToolsApiClasspath,kotlinCompilerClasspath
org.jetbrains.kotlin:kotlin-compiler-embeddable:2.4.0=kotlinAbiValidationCompatClasspath
org.jetbrains.kotlin:kotlin-compiler-embeddable:2.4.20=kotlinBuildToolsApiClasspath,kotlinCompilerClasspath,kotlinKlibCommonizerClasspath,swiftExportClasspathResolvable
org.jetbrains.kotlin:kotlin-compiler-runner:2.4.0=kotlinAbiValidationCompatClasspath
org.jetbrains.kotlin:kotlin-compiler-runner:2.4.20=kotlinBuildToolsApiClasspath,kotlinCompilerClasspath
org.jetbrains.kotlin:kotlin-daemon-client:2.4.0=kotlinAbiValidationCompatClasspath
org.jetbrains.kotlin:kotlin-daemon-client:2.4.20=kotlinBuildToolsApiClasspath,kotlinCompilerClasspath
org.jetbrains.kotlin:kotlin-daemon-embeddable:2.4.0=kotlinAbiValidationCompatClasspath
org.jetbrains.kotlin:kotlin-daemon-embeddable:2.4.20=kotlinBuildToolsApiClasspath,kotlinCompilerClasspath,kotlinKlibCommonizerClasspath,swiftExportClasspathResolvable
org.jetbrains.kotlin:kotlin-klib-commonizer-embeddable:2.4.20=kotlinKlibCommonizerClasspath
org.jetbrains.kotlin:kotlin-native-prebuilt:2.4.20=kotlinNativeBundleConfiguration
org.jetbrains.kotlin:kotlin-reflect:1.6.10=kotlinAbiValidationCompatClasspath,kotlinBuildToolsApiClasspath,kotlinCompilerClasspath,kotlinKlibCommonizerClasspath,swiftExportClasspathResolvable
org.jetbrains.kotlin:kotlin-reflect:2.2.10=androidLintTool
org.jetbrains.kotlin:kotlin-reflect:2.2.21=jvmTestResolvableDependenciesMetadata,jvmTestRuntimeClasspath
org.jetbrains.kotlin:kotlin-script-runtime:2.4.0=kotlinAbiValidationCompatClasspath
org.jetbrains.kotlin:kotlin-script-runtime:2.4.20=kotlinBuildToolsApiClasspath,kotlinCompilerClasspath,kotlinCompilerPluginClasspathAndroidHostTest,kotlinCompilerPluginClasspathAndroidMain,kotlinCompilerPluginClasspathJvmMain,kotlinCompilerPluginClasspathJvmTest,kotlinCompilerPluginClasspathMetadataCommonMain,kotlinCompilerPluginClasspathMetadataJnaMain,kotlinCompilerPluginClasspathMetadataMain,kotlinKlibCommonizerClasspath,swiftExportClasspathResolvable
org.jetbrains.kotlin:kotlin-scripting-common:2.4.20=kotlinCompilerPluginClasspathAndroidHostTest,kotlinCompilerPluginClasspathAndroidMain,kotlinCompilerPluginClasspathJvmMain,kotlinCompilerPluginClasspathJvmTest,kotlinCompilerPluginClasspathMetadataCommonMain,kotlinCompilerPluginClasspathMetadataJnaMain,kotlinCompilerPluginClasspathMetadataMain
org.jetbrains.kotlin:kotlin-scripting-compiler-embeddable:2.4.20=kotlinCompilerPluginClasspathAndroidHostTest,kotlinCompilerPluginClasspathAndroidMain,kotlinCompilerPluginClasspathJvmMain,kotlinCompilerPluginClasspathJvmTest,kotlinCompilerPluginClasspathMetadataCommonMain,kotlinCompilerPluginClasspathMetadataJnaMain,kotlinCompilerPluginClasspathMetadataMain
org.jetbrains.kotlin:kotlin-scripting-compiler-impl-embeddable:2.4.20=kotlinCompilerPluginClasspathAndroidHostTest,kotlinCompilerPluginClasspathAndroidMain,kotlinCompilerPluginClasspathJvmMain,kotlinCompilerPluginClasspathJvmTest,kotlinCompilerPluginClasspathMetadataCommonMain,kotlinCompilerPluginClasspathMetadataJnaMain,kotlinCompilerPluginClasspathMetadataMain
org.jetbrains.kotlin:kotlin-scripting-jvm:2.4.20=kotlinCompilerPluginClasspathAndroidHostTest,kotlinCompilerPluginClasspathAndroidMain,kotlinCompilerPluginClasspathJvmMain,kotlinCompilerPluginClasspathJvmTest,kotlinCompilerPluginClasspathMetadataCommonMain,kotlinCompilerPluginClasspathMetadataJnaMain,kotlinCompilerPluginClasspathMetadataMain
org.jetbrains.kotlin:kotlin-stdlib-common:2.4.20=androidHostTestResolvableDependenciesMetadata,androidMainResolvableDependenciesMetadata,appleMainResolvableDependenciesMetadata,appleTestResolvableDependenciesMetadata,commonMainResolvableDependenciesMetadata,commonTestResolvableDependenciesMetadata,iosArm64MainResolvableDependenciesMetadata,iosArm64TestResolvableDependenciesMetadata,iosMainResolvableDependenciesMetadata,iosSimulatorArm64MainResolvableDependenciesMetadata,iosSimulatorArm64TestResolvableDependenciesMetadata,iosTestResolvableDependenciesMetadata,iosX64MainResolvableDependenciesMetadata,iosX64TestResolvableDependenciesMetadata,jnaMainResolvableDependenciesMetadata,jvmMainResolvableDependenciesMetadata,jvmTestResolvableDependenciesMetadata,metadataAppleMainCompileClasspath,metadataCommonMainCompileClasspath,metadataCompileClasspath,metadataIosMainCompileClasspath,metadataJnaMainCompileClasspath,metadataNativeMainCompileClasspath,nativeMainResolvableDependenciesMetadata,nativeTestResolvableDependenciesMetadata
org.jetbrains.kotlin:kotlin-stdlib-jdk7:2.2.10=androidLintTool
org.jetbrains.kotlin:kotlin-stdlib-jdk8:2.2.10=androidLintTool
org.jetbrains.kotlin:kotlin-stdlib:2.2.10=androidLintTool
org.jetbrains.kotlin:kotlin-stdlib:2.4.0=kotlinAbiValidationCompatClasspath
org.jetbrains.kotlin:kotlin-stdlib:2.4.20=androidCompileClasspath,androidHostTestCompileClasspath,androidHostTestLintChecksClasspath,androidHostTestResolvableDependenciesMetadata,androidHostTestRuntimeClasspath,androidMainLintChecksClasspath,androidMainResolvableDependenciesMetadata,androidRuntimeClasspath,commonMainResolvableDependenciesMetadata,commonTestResolvableDependenciesMetadata,iosArm64CInterop,iosArm64CompilationDependenciesMetadata,iosArm64CompileKlibraries,iosArm64TestCInterop,iosArm64TestCompilationDependenciesMetadata,iosArm64TestCompileKlibraries,iosSimulatorArm64CInterop,iosSimulatorArm64CompilationDependenciesMetadata,iosSimulatorArm64CompileKlibraries,iosSimulatorArm64TestCInterop,iosSimulatorArm64TestCompilationDependenciesMetadata,iosSimulatorArm64TestCompileKlibraries,iosX64CInterop,iosX64CompilationDependenciesMetadata,iosX64CompileKlibraries,iosX64TestCInterop,iosX64TestCompilationDependenciesMetadata,iosX64TestCompileKlibraries,jnaMainResolvableDependenciesMetadata,jvmCompileClasspath,jvmMainCompileClasspath,jvmMainResolvableDependenciesMetadata,jvmMainRuntimeClasspath,jvmRuntimeClasspath,jvmTestCompileClasspath,jvmTestResolvableDependenciesMetadata,jvmTestRuntimeClasspath,kotlinBuildToolsApiClasspath,kotlinCompilerClasspath,kotlinCompilerPluginClasspathAndroidHostTest,kotlinCompilerPluginClasspathAndroidMain,kotlinCompilerPluginClasspathJvmMain,kotlinCompilerPluginClasspathJvmTest,kotlinCompilerPluginClasspathMetadataCommonMain,kotlinCompilerPluginClasspathMetadataJnaMain,kotlinCompilerPluginClasspathMetadataMain,kotlinKlibCommonizerClasspath,metadataAppleMainCompileClasspath,metadataCommonMainCompileClasspath,metadataCompileClasspath,metadataIosMainCompileClasspath,metadataJnaMainCompileClasspath,metadataNativeMainCompileClasspath,resolvableIosArm64CompilationApi,resolvableIosSimulatorArm64CompilationApi,resolvableIosX64CompilationApi,swiftExportClasspathResolvable,swiftPMDependenciesMetadataClasspath
org.jetbrains.kotlin:kotlin-tooling-core:2.4.20=kotlinAbiValidationCompatClasspath,kotlinBuildToolsApiClasspath,kotlinCompilerClasspath
org.jetbrains.kotlin:swift-export-embeddable:2.4.20=swiftExportClasspathResolvable
org.jetbrains.kotlinx:atomicfu-iosarm64:0.32.1=iosArm64CInterop,iosArm64CompilationDependenciesMetadata,iosArm64CompileKlibraries,iosArm64TestCInterop,iosArm64TestCompilationDependenciesMetadata,iosArm64TestCompileKlibraries,resolvableIosArm64CompilationApi
org.jetbrains.kotlinx:atomicfu-iossimulatorarm64:0.32.1=iosSimulatorArm64CInterop,iosSimulatorArm64CompilationDependenciesMetadata,iosSimulatorArm64CompileKlibraries,iosSimulatorArm64TestCInterop,iosSimulatorArm64TestCompilationDependenciesMetadata,iosSimulatorArm64TestCompileKlibraries,resolvableIosSimulatorArm64CompilationApi
org.jetbrains.kotlinx:atomicfu-iosx64:0.32.1=iosX64CInterop,iosX64CompilationDependenciesMetadata,iosX64CompileKlibraries,iosX64TestCInterop,iosX64TestCompilationDependenciesMetadata,iosX64TestCompileKlibraries,resolvableIosX64CompilationApi
org.jetbrains.kotlinx:atomicfu:0.23.1=androidHostTestResolvableDependenciesMetadata,androidMainResolvableDependenciesMetadata,appleMainResolvableDependenciesMetadata,appleTestResolvableDependenciesMetadata,commonMainResolvableDependenciesMetadata,commonTestResolvableDependenciesMetadata,iosArm64MainResolvableDependenciesMetadata,iosArm64TestResolvableDependenciesMetadata,iosMainResolvableDependenciesMetadata,iosSimulatorArm64MainResolvableDependenciesMetadata,iosSimulatorArm64TestResolvableDependenciesMetadata,iosTestResolvableDependenciesMetadata,iosX64MainResolvableDependenciesMetadata,iosX64TestResolvableDependenciesMetadata,jnaMainResolvableDependenciesMetadata,jvmMainResolvableDependenciesMetadata,jvmTestResolvableDependenciesMetadata,metadataAppleMainCompileClasspath,metadataCommonMainCompileClasspath,metadataCompileClasspath,metadataIosMainCompileClasspath,metadataJnaMainCompileClasspath,metadataNativeMainCompileClasspath,nativeMainResolvableDependenciesMetadata,nativeTestResolvableDependenciesMetadata,swiftPMDependenciesMetadataClasspath
org.jetbrains.kotlinx:atomicfu:0.32.1=iosArm64CInterop,iosArm64CompilationDependenciesMetadata,iosArm64CompileKlibraries,iosArm64TestCInterop,iosArm64TestCompilationDependenciesMetadata,iosArm64TestCompileKlibraries,iosSimulatorArm64CInterop,iosSimulatorArm64CompilationDependenciesMetadata,iosSimulatorArm64CompileKlibraries,iosSimulatorArm64TestCInterop,iosSimulatorArm64TestCompilationDependenciesMetadata,iosSimulatorArm64TestCompileKlibraries,iosX64CInterop,iosX64CompilationDependenciesMetadata,iosX64CompileKlibraries,iosX64TestCInterop,iosX64TestCompilationDependenciesMetadata,iosX64TestCompileKlibraries,resolvableIosArm64CompilationApi,resolvableIosSimulatorArm64CompilationApi,resolvableIosX64CompilationApi
org.jetbrains.kotlinx:kotlinx-coroutines-bom:1.11.0=androidCompileClasspath,androidHostTestCompileClasspath,androidHostTestLintChecksClasspath,androidHostTestRuntimeClasspath,androidMainLintChecksClasspath,androidRuntimeClasspath,jvmCompileClasspath,jvmMainCompileClasspath,jvmMainRuntimeClasspath,jvmRuntimeClasspath,jvmTestCompileClasspath,jvmTestRuntimeClasspath
org.jetbrains.kotlinx:kotlinx-coroutines-bom:1.9.0=androidLintTool
org.jetbrains.kotlinx:kotlinx-coroutines-core-iosarm64:1.11.0=iosArm64CInterop,iosArm64CompilationDependenciesMetadata,iosArm64CompileKlibraries,iosArm64TestCInterop,iosArm64TestCompilationDependenciesMetadata,iosArm64TestCompileKlibraries,resolvableIosArm64CompilationApi
org.jetbrains.kotlinx:kotlinx-coroutines-core-iossimulatorarm64:1.11.0=iosSimulatorArm64CInterop,iosSimulatorArm64CompilationDependenciesMetadata,iosSimulatorArm64CompileKlibraries,iosSimulatorArm64TestCInterop,iosSimulatorArm64TestCompilationDependenciesMetadata,iosSimulatorArm64TestCompileKlibraries,resolvableIosSimulatorArm64CompilationApi
org.jetbrains.kotlinx:kotlinx-coroutines-core-iosx64:1.11.0=iosX64CInterop,iosX64CompilationDependenciesMetadata,iosX64CompileKlibraries,iosX64TestCInterop,iosX64TestCompilationDependenciesMetadata,iosX64TestCompileKlibraries,resolvableIosX64CompilationApi
org.jetbrains.kotlinx:kotlinx-coroutines-core-jvm:1.11.0=androidCompileClasspath,androidHostTestCompileClasspath,androidHostTestLintChecksClasspath,androidHostTestRuntimeClasspath,androidMainLintChecksClasspath,androidRuntimeClasspath,jvmCompileClasspath,jvmMainCompileClasspath,jvmMainRuntimeClasspath,jvmRuntimeClasspath,jvmTestCompileClasspath,jvmTestRuntimeClasspath
org.jetbrains.kotlinx:kotlinx-coroutines-core-jvm:1.8.0=kotlinAbiValidationCompatClasspath,kotlinBuildToolsApiClasspath,kotlinCompilerClasspath,kotlinKlibCommonizerClasspath,swiftExportClasspathResolvable
org.jetbrains.kotlinx:kotlinx-coroutines-core-jvm:1.9.0=androidLintTool
org.jetbrains.kotlinx:kotlinx-coroutines-core:1.11.0=androidCompileClasspath,androidHostTestCompileClasspath,androidHostTestLintChecksClasspath,androidHostTestResolvableDependenciesMetadata,androidHostTestRuntimeClasspath,androidMainLintChecksClasspath,androidMainResolvableDependenciesMetadata,androidRuntimeClasspath,appleMainResolvableDependenciesMetadata,appleTestResolvableDependenciesMetadata,commonMainResolvableDependenciesMetadata,commonTestResolvableDependenciesMetadata,iosArm64CInterop,iosArm64CompilationDependenciesMetadata,iosArm64CompileKlibraries,iosArm64MainResolvableDependenciesMetadata,iosArm64TestCInterop,iosArm64TestCompilationDependenciesMetadata,iosArm64TestCompileKlibraries,iosArm64TestResolvableDependenciesMetadata,iosMainResolvableDependenciesMetadata,iosSimulatorArm64CInterop,iosSimulatorArm64CompilationDependenciesMetadata,iosSimulatorArm64CompileKlibraries,iosSimulatorArm64MainResolvableDependenciesMetadata,iosSimulatorArm64TestCInterop,iosSimulatorArm64TestCompilationDependenciesMetadata,iosSimulatorArm64TestCompileKlibraries,iosSimulatorArm64TestResolvableDependenciesMetadata,iosTestResolvableDependenciesMetadata,iosX64CInterop,iosX64CompilationDependenciesMetadata,iosX64CompileKlibraries,iosX64MainResolvableDependenciesMetadata,iosX64TestCInterop,iosX64TestCompilationDependenciesMetadata,iosX64TestCompileKlibraries,iosX64TestResolvableDependenciesMetadata,jnaMainResolvableDependenciesMetadata,jvmCompileClasspath,jvmMainCompileClasspath,jvmMainResolvableDependenciesMetadata,jvmMainRuntimeClasspath,jvmRuntimeClasspath,jvmTestCompileClasspath,jvmTestResolvableDependenciesMetadata,jvmTestRuntimeClasspath,metadataAppleMainCompileClasspath,metadataCommonMainCompileClasspath,metadataCompileClasspath,metadataIosMainCompileClasspath,metadataJnaMainCompileClasspath,metadataNativeMainCompileClasspath,nativeMainResolvableDependenciesMetadata,nativeTestResolvableDependenciesMetadata,resolvableIosArm64CompilationApi,resolvableIosSimulatorArm64CompilationApi,resolvableIosX64CompilationApi,swiftPMDependenciesMetadataClasspath
org.jetbrains.kotlinx:kotlinx-coroutines-core:1.9.0=androidLintTool
org.jetbrains.kotlinx:kotlinx-coroutines-debug:1.11.0=jvmTestCompileClasspath,jvmTestRuntimeClasspath
org.jetbrains.kotlinx:kotlinx-coroutines-jdk8:1.11.0=jvmTestRuntimeClasspath
org.jetbrains.kotlinx:kotlinx-coroutines-test-jvm:1.11.0=jvmTestCompileClasspath,jvmTestRuntimeClasspath
org.jetbrains.kotlinx:kotlinx-coroutines-test:1.11.0=jvmTestCompileClasspath,jvmTestResolvableDependenciesMetadata,jvmTestRuntimeClasspath
org.jetbrains.kotlinx:kotlinx-io-bytestring-jvm:0.8.2=jvmTestRuntimeClasspath
org.jetbrains.kotlinx:kotlinx-io-bytestring:0.8.2=jvmTestRuntimeClasspath
org.jetbrains.kotlinx:kotlinx-io-core-jvm:0.8.2=jvmTestRuntimeClasspath
org.jetbrains.kotlinx:kotlinx-io-core:0.8.2=jvmTestRuntimeClasspath
org.jetbrains.kotlinx:kotlinx-serialization-bom:1.7.3=swiftExportClasspathResolvable
org.jetbrains.kotlinx:kotlinx-serialization-bom:1.9.0=jvmTestRuntimeClasspath
org.jetbrains.kotlinx:kotlinx-serialization-core-jvm:1.7.3=swiftExportClasspathResolvable
org.jetbrains.kotlinx:kotlinx-serialization-core-jvm:1.9.0=jvmTestRuntimeClasspath
org.jetbrains.kotlinx:kotlinx-serialization-core:1.9.0=jvmTestRuntimeClasspath
org.jetbrains:annotations:13.0=kotlinAbiValidationCompatClasspath,kotlinBuildToolsApiClasspath,kotlinCompilerClasspath,kotlinCompilerPluginClasspathAndroidHostTest,kotlinCompilerPluginClasspathAndroidMain,kotlinCompilerPluginClasspathJvmMain,kotlinCompilerPluginClasspathJvmTest,kotlinCompilerPluginClasspathMetadataCommonMain,kotlinCompilerPluginClasspathMetadataJnaMain,kotlinCompilerPluginClasspathMetadataMain,kotlinKlibCommonizerClasspath,swiftExportClasspathResolvable
org.jetbrains:annotations:23.0.0=androidCompileClasspath,androidHostTestCompileClasspath,androidHostTestLintChecksClasspath,androidHostTestRuntimeClasspath,androidLintTool,androidMainLintChecksClasspath,androidRuntimeClasspath,jvmCompileClasspath,jvmMainCompileClasspath,jvmMainRuntimeClasspath,jvmRuntimeClasspath,jvmTestCompileClasspath,jvmTestRuntimeClasspath
org.junit.jupiter:junit-jupiter-api:5.13.4=jvmTestCompileClasspath,jvmTestRuntimeClasspath
org.junit.platform:junit-platform-commons:1.13.4=jvmTestCompileClasspath,jvmTestRuntimeClasspath
org.junit.platform:junit-platform-engine:1.13.4=jvmTestCompileClasspath,jvmTestRuntimeClasspath
org.junit.platform:junit-platform-launcher:1.13.4=jvmTestCompileClasspath,jvmTestRuntimeClasspath
org.junit.platform:junit-platform-suite-api:1.13.4=jvmTestCompileClasspath,jvmTestRuntimeClasspath
org.junit:junit-bom:5.13.4=jvmTestCompileClasspath,jvmTestRuntimeClasspath
org.jvnet.staxex:stax-ex:1.8.1=androidLintTool
org.opentest4j:opentest4j:1.3.0=jvmTestCompileClasspath,jvmTestRuntimeClasspath
org.ow2.asm:asm-analysis:9.9=androidLintTool
org.ow2.asm:asm-commons:9.9=androidLintTool
org.ow2.asm:asm-tree:9.9=androidLintTool
org.ow2.asm:asm:9.9=androidLintTool
empty=androidHostTestImplementationDependenciesMetadata,androidJdkImage,androidMainImplementationDependenciesMetadata,androidTestUtil,appleMainImplementationDependenciesMetadata,appleTestImplementationDependenciesMetadata,commonMainImplementationDependenciesMetadata,commonTestImplementationDependenciesMetadata,coreLibraryDesugaring,hostTestKotlinScriptDefExtensions,iosArm64MainImplementationDependenciesMetadata,iosArm64TestImplementationDependenciesMetadata,iosMainImplementationDependenciesMetadata,iosSimulatorArm64MainImplementationDependenciesMetadata,iosSimulatorArm64TestImplementationDependenciesMetadata,iosTestImplementationDependenciesMetadata,iosX64MainImplementationDependenciesMetadata,iosX64TestImplementationDependenciesMetadata,jnaMainImplementationDependenciesMetadata,jvmMainAnnotationProcessor,jvmMainImplementationDependenciesMetadata,jvmTestAnnotationProcessor,jvmTestImplementationDependenciesMetadata,kotlinCompilerPluginClasspath,kotlinCompilerPluginClasspathIosArm64Main,kotlinCompilerPluginClasspathIosArm64Test,kotlinCompilerPluginClasspathIosSimulatorArm64Main,kotlinCompilerPluginClasspathIosSimulatorArm64Test,kotlinCompilerPluginClasspathIosX64Main,kotlinCompilerPluginClasspathIosX64Test,kotlinCompilerPluginClasspathMetadataAppleMain,kotlinCompilerPluginClasspathMetadataIosMain,kotlinCompilerPluginClasspathMetadataNativeMain,kotlinNativeCompilerPluginClasspath,kotlinScriptDefExtensions,lintChecks,lintPublish,nativeMainImplementationDependenciesMetadata,nativeTestImplementationDependenciesMetadata,protoPath,protoProjectDependenciesJvm,protoSource,protoSource2,resolvableIosArm64TestCompilationApi,resolvableIosSimulatorArm64TestCompilationApi,resolvableIosX64TestCompilationApi,swiftPMDependenciesForLockFilesMetadataClasspath,testKotlinScriptDefExtensions
