version: '2'
packs:
- id: governance-kit/core
  version: 0.4.0
  source: gh
  directives:
  - agent-steering-accounting
  - agent-token-accounting
  - commit-issue-receipt-match
  - commit-message-format
  - doc-freshness
  - doc-integrity
  - issue-templates
  - issues-tracked
  - no-broken-internal-doc-links
  - no-orphan-todos
  - receipt-per-issue
  - repo-hygiene
  - required-docs
  - secrets-hygiene
  - version-consistency
  - workflows-hardened
  ref: gh:Duaility/governance-kit/packs/core@core/v0.4.0
  sha: e9d339cf0ffbc2ff627e5db61ef49fe09943b712
  subpath: packs/core
  min_governance_kit: '0.3'
  installed_at: '2026-06-10T04:43:15Z'
- id: srikanth235/centraid
  version: '0.1'
  source: local
  directives:
  - query-handlers-read-only
  - handler-uses-ctx-primitives
  - no-hardcoded-model-ids
  - actions-declare-table-writes
  - gateway-engine-mode-agnostic
  - data-runtime-sqlite-separation
